
Microsoft Visual Studio Solution File, Format Version 12.00
# Visual Studio Version 17
VisualStudioVersion = 17.13.35931.197
MinimumVisualStudioVersion = 10.0.40219.1
Project("{FAE04EC0-301F-11D3-BF4B-00C04F79EFBC}") = "MathSolverConsole", "MathSolverConsole\MathSolverConsole.csproj", "{F247D46F-D5BA-4D7B-B8D2-95FE15842BC1}"
EndProject
Project("{FAE04EC0-301F-11D3-BF4B-00C04F79EFBC}") = "MathSolverTests", "MathSolverTests\MathSolverTests.csproj", "{A0B06A49-6A17-4929-8611-52857879C672}"
EndProject
Global
	GlobalSection(SolutionConfigurationPlatforms) = preSolution
		Debug|Any CPU = Debug|Any CPU
		Release|Any CPU = Release|Any CPU
	EndGlobalSection
	GlobalSection(ProjectConfigurationPlatforms) = postSolution
		{F247D46F-D5BA-4D7B-B8D2-95FE15842BC1}.Debug|Any CPU.ActiveCfg = Debug|Any CPU
		{F247D46F-D5BA-4D7B-B8D2-95FE15842BC1}.Debug|Any CPU.Build.0 = Debug|Any CPU
		{F247D46F-D5BA-4D7B-B8D2-95FE15842BC1}.Release|Any CPU.ActiveCfg = Release|Any CPU
		{F247D46F-D5BA-4D7B-B8D2-95FE15842BC1}.Release|Any CPU.Build.0 = Release|Any CPU
		{A0B06A49-6A17-4929-8611-52857879C672}.Debug|Any CPU.ActiveCfg = Debug|Any CPU
		{A0B06A49-6A17-4929-8611-52857879C672}.Debug|Any CPU.Build.0 = Debug|Any CPU
		{A0B06A49-6A17-4929-8611-52857879C672}.Release|Any CPU.ActiveCfg = Release|Any CPU
		{A0B06A49-6A17-4929-8611-52857879C672}.Release|Any CPU.Build.0 = Release|Any CPU
	EndGlobalSection
	GlobalSection(SolutionProperties) = preSolution
		HideSolutionNode = FALSE
	EndGlobalSection
	GlobalSection(ExtensibilityGlobals) = postSolution
		SolutionGuid = {D2E87B52-DABE-43FA-8979-C4E3EA241915}
	EndGlobalSection
EndGlobal
